
Microsoft Visual Studio Solution File, Format Version 12.00
# Visual Studio Version 17
VisualStudioVersion = 17.11.35312.102
MinimumVisualStudioVersion = 10.0.40219.1
Project("{FAE04EC0-301F-11D3-BF4B-00C04F79EFBC}") = "API_prometheus", "API_prometheus\API_prometheus.csproj", "{9EFCA310-EE9C-4145-A1C4-9ACE56A3E5C2}"
EndProject
Global
	GlobalSection(SolutionConfigurationPlatforms) = preSolution
		Debug|Any CPU = Debug|Any CPU
		Release|Any CPU = Release|Any CPU
	EndGlobalSection
	GlobalSection(ProjectConfigurationPlatforms) = postSolution
		{9EFCA310-EE9C-4145-A1C4-9ACE56A3E5C2}.Debug|Any CPU.ActiveCfg = Debug|Any CPU
		{9EFCA310-EE9C-4145-A1C4-9ACE56A3E5C2}.Debug|Any CPU.Build.0 = Debug|Any CPU
		{9EFCA310-EE9C-4145-A1C4-9ACE56A3E5C2}.Release|Any CPU.ActiveCfg = Release|Any CPU
		{9EFCA310-EE9C-4145-A1C4-9ACE56A3E5C2}.Release|Any CPU.Build.0 = Release|Any CPU
	EndGlobalSection
	GlobalSection(SolutionProperties) = preSolution
		HideSolutionNode = FALSE
	EndGlobalSection
	GlobalSection(ExtensibilityGlobals) = postSolution
		SolutionGuid = {47D3ECEC-28A5-4B81-A23F-BD2C4210D7B8}
	EndGlobalSection
EndGlobal
